
Microsoft Visual Studio Solution File, Format Version 12.00
# Visual Studio Version 16
VisualStudioVersion = 16.0.31702.278
MinimumVisualStudioVersion = 10.0.40219.1
Project("{9A19103F-16F7-4668-BE54-9A1E7A4F7556}") = "EV5.Examples", "EV5.Examples\EV5.Examples.csproj", "{913BB202-B333-4FD4-B518-2AEB62152D65}"
EndProject
Project("{FAE04EC0-301F-11D3-BF4B-00C04F79EFBC}") = "EV5.AdminLTE", "EV5.AdminLTE\EV5.AdminLTE.csproj", "{88ADD856-7FDC-436A-B3BD-CACA84463124}"
EndProject
Project("{FAE04EC0-301F-11D3-BF4B-00C04F79EFBC}") = "EV5RN", "EV5RN\EV5RN.csproj", "{63FC16D1-E08D-48FD-9942-030A37DCABCA}"
EndProject
Global
	GlobalSection(SolutionConfigurationPlatforms) = preSolution
		Debug|Any CPU = Debug|Any CPU
		Release|Any CPU = Release|Any CPU
	EndGlobalSection
	GlobalSection(ProjectConfigurationPlatforms) = postSolution
		{913BB202-B333-4FD4-B518-2AEB62152D65}.Debug|Any CPU.ActiveCfg = Debug|Any CPU
		{913BB202-B333-4FD4-B518-2AEB62152D65}.Debug|Any CPU.Build.0 = Debug|Any CPU
		{913BB202-B333-4FD4-B518-2AEB62152D65}.Release|Any CPU.ActiveCfg = Release|Any CPU
		{913BB202-B333-4FD4-B518-2AEB62152D65}.Release|Any CPU.Build.0 = Release|Any CPU
		{88ADD856-7FDC-436A-B3BD-CACA84463124}.Debug|Any CPU.ActiveCfg = Debug|Any CPU
		{88ADD856-7FDC-436A-B3BD-CACA84463124}.Debug|Any CPU.Build.0 = Debug|Any CPU
		{88ADD856-7FDC-436A-B3BD-CACA84463124}.Release|Any CPU.ActiveCfg = Release|Any CPU
		{88ADD856-7FDC-436A-B3BD-CACA84463124}.Release|Any CPU.Build.0 = Release|Any CPU
		{63FC16D1-E08D-48FD-9942-030A37DCABCA}.Debug|Any CPU.ActiveCfg = Debug|Any CPU
		{63FC16D1-E08D-48FD-9942-030A37DCABCA}.Debug|Any CPU.Build.0 = Debug|Any CPU
		{63FC16D1-E08D-48FD-9942-030A37DCABCA}.Release|Any CPU.ActiveCfg = Release|Any CPU
		{63FC16D1-E08D-48FD-9942-030A37DCABCA}.Release|Any CPU.Build.0 = Release|Any CPU
	EndGlobalSection
	GlobalSection(SolutionProperties) = preSolution
		HideSolutionNode = FALSE
	EndGlobalSection
	GlobalSection(ExtensibilityGlobals) = postSolution
		SolutionGuid = {B8BCE6A2-15FD-40A5-AC16-270A9F9CBD93}
	EndGlobalSection
EndGlobal
